// !$*UTF8*$!
{
	archiveVersion = 1;
	classes = {
	};
	objectVersion = 60;
	objects = {

/* Begin PBXBuildFile section */
		B96AD37929FD763700A61F7B /* AppDelegate.swift in Sources */ = {isa = PBXBuildFile; fileRef = B96AD37829FD763700A61F7B /* AppDelegate.swift */; };
		B96AD37B29FD763700A61F7B /* SceneDelegate.swift in Sources */ = {isa = PBXBuildFile; fileRef = B96AD37A29FD763700A61F7B /* SceneDelegate.swift */; };
		B96AD37D29FD763700A61F7B /* ViewController.swift in Sources */ = {isa = PBXBuildFile; fileRef = B96AD37C29FD763700A61F7B /* ViewController.swift */; };
		B96AD38029FD763700A61F7B /* Main.storyboard in Resources */ = {isa = PBXBuildFile; fileRef = B96AD37E29FD763700A61F7B /* Main.storyboard */; };
		B96AD38229FD763800A61F7B /* Assets.xcassets in Resources */ = {isa = PBXBuildFile; fileRef = B96AD38129FD763800A61F7B /* Assets.xcassets */; };
		B96AD38529FD763800A61F7B /* LaunchScreen.storyboard in Resources */ = {isa = PBXBuildFile; fileRef = B96AD38329FD763800A61F7B /* LaunchScreen.storyboard */; };
		B96AD38F29FD799B00A61F7B /* ToneBarrierIntentDefinition.intentdefinition in Sources */ = {isa = PBXBuildFile; fileRef = B96AD38E29FD799B00A61F7B /* ToneBarrierIntentDefinition.intentdefinition */; };
		B96AD39129FD7C3F00A61F7B /* ToggleToneBarrierIntentHandler.swift in Sources */ = {isa = PBXBuildFile; fileRef = B96AD39029FD7C3F00A61F7B /* ToggleToneBarrierIntentHandler.swift */; };
		B97713D32A0B1D1A003C1389 /* PauseToneBarrierIntentHandler.swift in Sources */ = {isa = PBXBuildFile; fileRef = B97713D22A0B1D1A003C1389 /* PauseToneBarrierIntentHandler.swift */; };
		B979461229FDEE8D00CE3139 /* AVRouting.framework in Frameworks */ = {isa = PBXBuildFile; fileRef = B979461129FDEE8D00CE3139 /* AVRouting.framework */; };
		B979461429FDEECC00CE3139 /* AVKit.framework in Frameworks */ = {isa = PBXBuildFile; fileRef = B979461329FDEECC00CE3139 /* AVKit.framework */; };
		B9D7B5D629FDEB5E00954817 /* AVAudioSignal.swift in Sources */ = {isa = PBXBuildFile; fileRef = B9D7B5D529FDEB5E00954817 /* AVAudioSignal.swift */; };
/* End PBXBuildFile section */

/* Begin PBXFileReference section */
		B960CD352AC6F11300DD56C3 /* CodeSnippetsStandby.md */ = {isa = PBXFileReference; lastKnownFileType = net.daringfireball.markdown; path = CodeSnippetsStandby.md; sourceTree = "<group>"; };
		B96AD37529FD763700A61F7B /* ToneBarrier.app */ = {isa = PBXFileReference; explicitFileType = wrapper.application; includeInIndex = 0; path = ToneBarrier.app; sourceTree = BUILT_PRODUCTS_DIR; };
		B96AD37829FD763700A61F7B /* AppDelegate.swift */ = {isa = PBXFileReference; lastKnownFileType = sourcecode.swift; path = AppDelegate.swift; sourceTree = "<group>"; };
		B96AD37A29FD763700A61F7B /* SceneDelegate.swift */ = {isa = PBXFileReference; lastKnownFileType = sourcecode.swift; path = SceneDelegate.swift; sourceTree = "<group>"; };
		B96AD37C29FD763700A61F7B /* ViewController.swift */ = {isa = PBXFileReference; lastKnownFileType = sourcecode.swift; path = ViewController.swift; sourceTree = "<group>"; wrapsLines = 0; };
		B96AD37F29FD763700A61F7B /* Base */ = {isa = PBXFileReference; lastKnownFileType = file.storyboard; name = Base; path = Base.lproj/Main.storyboard; sourceTree = "<group>"; };
		B96AD38129FD763800A61F7B /* Assets.xcassets */ = {isa = PBXFileReference; lastKnownFileType = folder.assetcatalog; path = Assets.xcassets; sourceTree = "<group>"; };
		B96AD38429FD763800A61F7B /* Base */ = {isa = PBXFileReference; lastKnownFileType = file.storyboard; name = Base; path = Base.lproj/LaunchScreen.storyboard; sourceTree = "<group>"; };
		B96AD38629FD763800A61F7B /* Info.plist */ = {isa = PBXFileReference; lastKnownFileType = text.plist.xml; path = Info.plist; sourceTree = "<group>"; };
		B96AD38E29FD799B00A61F7B /* ToneBarrierIntentDefinition.intentdefinition */ = {isa = PBXFileReference; lastKnownFileType = file.intentdefinition; path = ToneBarrierIntentDefinition.intentdefinition; sourceTree = "<group>"; };
		B96AD39029FD7C3F00A61F7B /* ToggleToneBarrierIntentHandler.swift */ = {isa = PBXFileReference; lastKnownFileType = sourcecode.swift; path = ToggleToneBarrierIntentHandler.swift; sourceTree = "<group>"; };
		B97713CE2A0B0942003C1389 /* ToneBarrier-Bridging-Header.h */ = {isa = PBXFileReference; lastKnownFileType = sourcecode.c.h; path = "ToneBarrier-Bridging-Header.h"; sourceTree = "<group>"; };
		B97713D22A0B1D1A003C1389 /* PauseToneBarrierIntentHandler.swift */ = {isa = PBXFileReference; lastKnownFileType = sourcecode.swift; path = PauseToneBarrierIntentHandler.swift; sourceTree = "<group>"; };
		B979461129FDEE8D00CE3139 /* AVRouting.framework */ = {isa = PBXFileReference; lastKnownFileType = wrapper.framework; name = AVRouting.framework; path = System/Library/Frameworks/AVRouting.framework; sourceTree = SDKROOT; };
		B979461329FDEECC00CE3139 /* AVKit.framework */ = {isa = PBXFileReference; lastKnownFileType = wrapper.framework; name = AVKit.framework; path = System/Library/Frameworks/AVKit.framework; sourceTree = SDKROOT; };
		B9D7B5D529FDEB5E00954817 /* AVAudioSignal.swift */ = {isa = PBXFileReference; lastKnownFileType = sourcecode.swift; path = AVAudioSignal.swift; sourceTree = "<group>"; wrapsLines = 0; };
/* End PBXFileReference section */

/* Begin PBXFrameworksBuildPhase section */
		B96AD37229FD763700A61F7B /* Frameworks */ = {
			isa = PBXFrameworksBuildPhase;
			buildActionMask = 2147483647;
			files = (
				B979461429FDEECC00CE3139 /* AVKit.framework in Frameworks */,
				B979461229FDEE8D00CE3139 /* AVRouting.framework in Frameworks */,
			);
			runOnlyForDeploymentPostprocessing = 0;
		};
/* End PBXFrameworksBuildPhase section */

/* Begin PBXGroup section */
		B96AD36C29FD763700A61F7B = {
			isa = PBXGroup;
			children = (
				B96AD37729FD763700A61F7B /* ToneBarrier */,
				B96AD37629FD763700A61F7B /* Products */,
				B979461029FDEE8D00CE3139 /* Frameworks */,
			);
			sourceTree = "<group>";
		};
		B96AD37629FD763700A61F7B /* Products */ = {
			isa = PBXGroup;
			children = (
				B96AD37529FD763700A61F7B /* ToneBarrier.app */,
			);
			name = Products;
			sourceTree = "<group>";
		};
		B96AD37729FD763700A61F7B /* ToneBarrier */ = {
			isa = PBXGroup;
			children = (
				B96AD38629FD763800A61F7B /* Info.plist */,
				B96AD37829FD763700A61F7B /* AppDelegate.swift */,
				B96AD37A29FD763700A61F7B /* SceneDelegate.swift */,
				B96AD37C29FD763700A61F7B /* ViewController.swift */,
				B9D7B5D529FDEB5E00954817 /* AVAudioSignal.swift */,
				B960CD352AC6F11300DD56C3 /* CodeSnippetsStandby.md */,
				B96AD38129FD763800A61F7B /* Assets.xcassets */,
				B96AD38329FD763800A61F7B /* LaunchScreen.storyboard */,
				B96AD37E29FD763700A61F7B /* Main.storyboard */,
				B96AD38E29FD799B00A61F7B /* ToneBarrierIntentDefinition.intentdefinition */,
				B96AD39029FD7C3F00A61F7B /* ToggleToneBarrierIntentHandler.swift */,
				B97713D22A0B1D1A003C1389 /* PauseToneBarrierIntentHandler.swift */,
				B97713CE2A0B0942003C1389 /* ToneBarrier-Bridging-Header.h */,
			);
			path = ToneBarrier;
			sourceTree = "<group>";
		};
		B979461029FDEE8D00CE3139 /* Frameworks */ = {
			isa = PBXGroup;
			children = (
				B979461329FDEECC00CE3139 /* AVKit.framework */,
				B979461129FDEE8D00CE3139 /* AVRouting.framework */,
			);
			name = Frameworks;
			sourceTree = "<group>";
		};
/* End PBXGroup section */

/* Begin PBXNativeTarget section */
		B96AD37429FD763700A61F7B /* ToneBarrier */ = {
			isa = PBXNativeTarget;
			buildConfigurationList = B96AD38929FD763800A61F7B /* Build configuration list for PBXNativeTarget "ToneBarrier" */;
			buildPhases = (
				B96AD37129FD763700A61F7B /* Sources */,
				B96AD37229FD763700A61F7B /* Frameworks */,
				B96AD37329FD763700A61F7B /* Resources */,
			);
			buildRules = (
			);
			dependencies = (
			);
			name = ToneBarrier;
			productName = ToneBarrier;
			productReference = B96AD37529FD763700A61F7B /* ToneBarrier.app */;
			productType = "com.apple.product-type.application";
		};
/* End PBXNativeTarget section */

/* Begin PBXProject section */
		B96AD36D29FD763700A61F7B /* Project object */ = {
			isa = PBXProject;
			attributes = {
				BuildIndependentTargetsInParallel = 1;
				LastSwiftUpdateCheck = 1430;
				LastUpgradeCheck = 1500;
				TargetAttributes = {
					B96AD37429FD763700A61F7B = {
						CreatedOnToolsVersion = 14.3;
						LastSwiftMigration = 1430;
					};
				};
			};
			buildConfigurationList = B96AD37029FD763700A61F7B /* Build configuration list for PBXProject "ToneBarrier" */;
			compatibilityVersion = "Xcode 15.0";
			developmentRegion = en;
			hasScannedForEncodings = 0;
			knownRegions = (
				en,
				Base,
			);
			mainGroup = B96AD36C29FD763700A61F7B;
			productRefGroup = B96AD37629FD763700A61F7B /* Products */;
			projectDirPath = "";
			projectRoot = "";
			targets = (
				B96AD37429FD763700A61F7B /* ToneBarrier */,
			);
		};
/* End PBXProject section */

/* Begin PBXResourcesBuildPhase section */
		B96AD37329FD763700A61F7B /* Resources */ = {
			isa = PBXResourcesBuildPhase;
			buildActionMask = 2147483647;
			files = (
				B96AD38529FD763800A61F7B /* LaunchScreen.storyboard in Resources */,
				B96AD38229FD763800A61F7B /* Assets.xcassets in Resources */,
				B96AD38029FD763700A61F7B /* Main.storyboard in Resources */,
			);
			runOnlyForDeploymentPostprocessing = 0;
		};
/* End PBXResourcesBuildPhase section */

/* Begin PBXSourcesBuildPhase section */
		B96AD37129FD763700A61F7B /* Sources */ = {
			isa = PBXSourcesBuildPhase;
			buildActionMask = 2147483647;
			files = (
				B97713D32A0B1D1A003C1389 /* PauseToneBarrierIntentHandler.swift in Sources */,
				B96AD37D29FD763700A61F7B /* ViewController.swift in Sources */,
				B96AD39129FD7C3F00A61F7B /* ToggleToneBarrierIntentHandler.swift in Sources */,
				B96AD37929FD763700A61F7B /* AppDelegate.swift in Sources */,
				B96AD37B29FD763700A61F7B /* SceneDelegate.swift in Sources */,
				B9D7B5D629FDEB5E00954817 /* AVAudioSignal.swift in Sources */,
				B96AD38F29FD799B00A61F7B /* ToneBarrierIntentDefinition.intentdefinition in Sources */,
			);
			runOnlyForDeploymentPostprocessing = 0;
		};
/* End PBXSourcesBuildPhase section */

/* Begin PBXVariantGroup section */
		B96AD37E29FD763700A61F7B /* Main.storyboard */ = {
			isa = PBXVariantGroup;
			children = (
				B96AD37F29FD763700A61F7B /* Base */,
			);
			name = Main.storyboard;
			sourceTree = "<group>";
		};
		B96AD38329FD763800A61F7B /* LaunchScreen.storyboard */ = {
			isa = PBXVariantGroup;
			children = (
				B96AD38429FD763800A61F7B /* Base */,
			);
			name = LaunchScreen.storyboard;
			sourceTree = "<group>";
		};
/* End PBXVariantGroup section */

/* Begin XCBuildConfiguration section */
		B96AD38729FD763800A61F7B /* Debug */ = {
			isa = XCBuildConfiguration;
			buildSettings = {
				ALWAYS_SEARCH_USER_PATHS = NO;
				ASSETCATALOG_COMPILER_GENERATE_SWIFT_ASSET_SYMBOL_EXTENSIONS = YES;
				CLANG_ANALYZER_NONNULL = YES;
				CLANG_ANALYZER_NUMBER_OBJECT_CONVERSION = YES_AGGRESSIVE;
				CLANG_CXX_LANGUAGE_STANDARD = "gnu++20";
				CLANG_ENABLE_MODULES = YES;
				CLANG_ENABLE_OBJC_ARC = YES;
				CLANG_ENABLE_OBJC_WEAK = YES;
				CLANG_WARN_BLOCK_CAPTURE_AUTORELEASING = YES;
				CLANG_WARN_BOOL_CONVERSION = YES;
				CLANG_WARN_COMMA = YES;
				CLANG_WARN_CONSTANT_CONVERSION = YES;
				CLANG_WARN_DEPRECATED_OBJC_IMPLEMENTATIONS = YES;
				CLANG_WARN_DIRECT_OBJC_ISA_USAGE = YES_ERROR;
				CLANG_WARN_DOCUMENTATION_COMMENTS = YES;
				CLANG_WARN_EMPTY_BODY = YES;
				CLANG_WARN_ENUM_CONVERSION = YES;
				CLANG_WARN_INFINITE_RECURSION = YES;
				CLANG_WARN_INT_CONVERSION = YES;
				CLANG_WARN_NON_LITERAL_NULL_CONVERSION = YES;
				CLANG_WARN_OBJC_IMPLICIT_RETAIN_SELF = YES;
				CLANG_WARN_OBJC_LITERAL_CONVERSION = YES;
				CLANG_WARN_OBJC_ROOT_CLASS = YES_ERROR;
				CLANG_WARN_QUOTED_INCLUDE_IN_FRAMEWORK_HEADER = YES;
				CLANG_WARN_RANGE_LOOP_ANALYSIS = YES;
				CLANG_WARN_STRICT_PROTOTYPES = YES;
				CLANG_WARN_SUSPICIOUS_MOVE = YES;
				CLANG_WARN_UNGUARDED_AVAILABILITY = YES_AGGRESSIVE;
				CLANG_WARN_UNREACHABLE_CODE = YES;
				CLANG_WARN__DUPLICATE_METHOD_MATCH = YES;
				COPY_PHASE_STRIP = NO;
				DEBUG_INFORMATION_FORMAT = dwarf;
				ENABLE_STRICT_OBJC_MSGSEND = YES;
				ENABLE_TESTABILITY = YES;
				ENABLE_USER_SCRIPT_SANDBOXING = YES;
				GCC_C_LANGUAGE_STANDARD = gnu11;
				GCC_DYNAMIC_NO_PIC = NO;
				GCC_NO_COMMON_BLOCKS = YES;
				GCC_OPTIMIZATION_LEVEL = 0;
				GCC_PREPROCESSOR_DEFINITIONS = (
					"DEBUG=1",
					"$(inherited)",
				);
				GCC_WARN_64_TO_32_BIT_CONVERSION = YES;
				GCC_WARN_ABOUT_RETURN_TYPE = YES_ERROR;
				GCC_WARN_UNDECLARED_SELECTOR = YES;
				GCC_WARN_UNINITIALIZED_AUTOS = YES_AGGRESSIVE;
				GCC_WARN_UNUSED_FUNCTION = YES;
				GCC_WARN_UNUSED_VARIABLE = YES;
				IPHONEOS_DEPLOYMENT_TARGET = 17.0;
				MTL_ENABLE_DEBUG_INFO = INCLUDE_SOURCE;
				MTL_FAST_MATH = YES;
				ONLY_ACTIVE_ARCH = YES;
				SDKROOT = iphoneos;
				SWIFT_ACTIVE_COMPILATION_CONDITIONS = DEBUG;
				SWIFT_OPTIMIZATION_LEVEL = "-Onone";
			};
			name = Debug;
		};
		B96AD38829FD763800A61F7B /* Release */ = {
			isa = XCBuildConfiguration;
			buildSettings = {
				ALWAYS_SEARCH_USER_PATHS = NO;
				ASSETCATALOG_COMPILER_GENERATE_SWIFT_ASSET_SYMBOL_EXTENSIONS = YES;
				CLANG_ANALYZER_NONNULL = YES;
				CLANG_ANALYZER_NUMBER_OBJECT_CONVERSION = YES_AGGRESSIVE;
				CLANG_CXX_LANGUAGE_STANDARD = "gnu++20";
				CLANG_ENABLE_MODULES = YES;
				CLANG_ENABLE_OBJC_ARC = YES;
				CLANG_ENABLE_OBJC_WEAK = YES;
				CLANG_WARN_BLOCK_CAPTURE_AUTORELEASING = YES;
				CLANG_WARN_BOOL_CONVERSION = YES;
				CLANG_WARN_COMMA = YES;
				CLANG_WARN_CONSTANT_CONVERSION = YES;
				CLANG_WARN_DEPRECATED_OBJC_IMPLEMENTATIONS = YES;
				CLANG_WARN_DIRECT_OBJC_ISA_USAGE = YES_ERROR;
				CLANG_WARN_DOCUMENTATION_COMMENTS = YES;
				CLANG_WARN_EMPTY_BODY = YES;
				CLANG_WARN_ENUM_CONVERSION = YES;
				CLANG_WARN_INFINITE_RECURSION = YES;
				CLANG_WARN_INT_CONVERSION = YES;
				CLANG_WARN_NON_LITERAL_NULL_CONVERSION = YES;
				CLANG_WARN_OBJC_IMPLICIT_RETAIN_SELF = YES;
				CLANG_WARN_OBJC_LITERAL_CONVERSION = YES;
				CLANG_WARN_OBJC_ROOT_CLASS = YES_ERROR;
				CLANG_WARN_QUOTED_INCLUDE_IN_FRAMEWORK_HEADER = YES;
				CLANG_WARN_RANGE_LOOP_ANALYSIS = YES;
				CLANG_WARN_STRICT_PROTOTYPES = YES;
				CLANG_WARN_SUSPICIOUS_MOVE = YES;
				CLANG_WARN_UNGUARDED_AVAILABILITY = YES_AGGRESSIVE;
				CLANG_WARN_UNREACHABLE_CODE = YES;
				CLANG_WARN__DUPLICATE_METHOD_MATCH = YES;
				COPY_PHASE_STRIP = NO;
				DEBUG_INFORMATION_FORMAT = "dwarf-with-dsym";
				ENABLE_NS_ASSERTIONS = NO;
				ENABLE_STRICT_OBJC_MSGSEND = YES;
				ENABLE_USER_SCRIPT_SANDBOXING = YES;
				GCC_C_LANGUAGE_STANDARD = gnu11;
				GCC_NO_COMMON_BLOCKS = YES;
				GCC_WARN_64_TO_32_BIT_CONVERSION = YES;
				GCC_WARN_ABOUT_RETURN_TYPE = YES_ERROR;
				GCC_WARN_UNDECLARED_SELECTOR = YES;
				GCC_WARN_UNINITIALIZED_AUTOS = YES_AGGRESSIVE;
				GCC_WARN_UNUSED_FUNCTION = YES;
				GCC_WARN_UNUSED_VARIABLE = YES;
				IPHONEOS_DEPLOYMENT_TARGET = 17.0;
				MTL_ENABLE_DEBUG_INFO = NO;
				MTL_FAST_MATH = YES;
				SDKROOT = iphoneos;
				SWIFT_COMPILATION_MODE = wholemodule;
				SWIFT_OPTIMIZATION_LEVEL = "-O";
				VALIDATE_PRODUCT = YES;
			};
			name = Release;
		};
		B96AD38A29FD763800A61F7B /* Debug */ = {
			isa = XCBuildConfiguration;
			buildSettings = {
				ASSETCATALOG_COMPILER_APPICON_NAME = AppIcon;
				ASSETCATALOG_COMPILER_GLOBAL_ACCENT_COLOR_NAME = AccentColor;
				CLANG_ENABLE_MODULES = YES;
				CODE_SIGN_STYLE = Automatic;
				CURRENT_PROJECT_VERSION = 2;
				DEVELOPMENT_TEAM = N9987K9442;
				GENERATE_INFOPLIST_FILE = YES;
				INFOPLIST_FILE = ToneBarrier/Info.plist;
				INFOPLIST_KEY_CFBundleDisplayName = ToneBarrier;
				INFOPLIST_KEY_UIApplicationSupportsIndirectInputEvents = YES;
				INFOPLIST_KEY_UILaunchStoryboardName = LaunchScreen;
				INFOPLIST_KEY_UIMainStoryboardFile = Main;
				INFOPLIST_KEY_UIRequiresFullScreen = YES;
				INFOPLIST_KEY_UIStatusBarStyle = UIStatusBarStyleDarkContent;
				INFOPLIST_KEY_UISupportedInterfaceOrientations = "UIInterfaceOrientationLandscapeLeft UIInterfaceOrientationLandscapeRight UIInterfaceOrientationPortrait UIInterfaceOrientationPortraitUpsideDown";
				LD_RUNPATH_SEARCH_PATHS = (
					"$(inherited)",
					"@executable_path/Frameworks",
				);
				MARKETING_VERSION = 1.0;
				PRODUCT_BUNDLE_IDENTIFIER = com.blogspot.demonicactivity.bush.alan.james.ToneBarrier;
				PRODUCT_NAME = "$(TARGET_NAME)";
				SWIFT_EMIT_LOC_STRINGS = YES;
				SWIFT_OBJC_BRIDGING_HEADER = "ToneBarrier/ToneBarrier-Bridging-Header.h";
				SWIFT_OPTIMIZATION_LEVEL = "-Onone";
				SWIFT_VERSION = 5.0;
				TARGETED_DEVICE_FAMILY = "1,2";
			};
			name = Debug;
		};
		B96AD38B29FD763800A61F7B /* Release */ = {
			isa = XCBuildConfiguration;
			buildSettings = {
				ASSETCATALOG_COMPILER_APPICON_NAME = AppIcon;
				ASSETCATALOG_COMPILER_GLOBAL_ACCENT_COLOR_NAME = AccentColor;
				CLANG_ENABLE_MODULES = YES;
				CODE_SIGN_STYLE = Automatic;
				CURRENT_PROJECT_VERSION = 2;
				DEVELOPMENT_TEAM = N9987K9442;
				GENERATE_INFOPLIST_FILE = YES;
				INFOPLIST_FILE = ToneBarrier/Info.plist;
				INFOPLIST_KEY_CFBundleDisplayName = ToneBarrier;
				INFOPLIST_KEY_UIApplicationSupportsIndirectInputEvents = YES;
				INFOPLIST_KEY_UILaunchStoryboardName = LaunchScreen;
				INFOPLIST_KEY_UIMainStoryboardFile = Main;
				INFOPLIST_KEY_UIRequiresFullScreen = YES;
				INFOPLIST_KEY_UIStatusBarStyle = UIStatusBarStyleDarkContent;
				INFOPLIST_KEY_UISupportedInterfaceOrientations = "UIInterfaceOrientationLandscapeLeft UIInterfaceOrientationLandscapeRight UIInterfaceOrientationPortrait UIInterfaceOrientationPortraitUpsideDown";
				LD_RUNPATH_SEARCH_PATHS = (
					"$(inherited)",
					"@executable_path/Frameworks",
				);
				MARKETING_VERSION = 1.0;
				PRODUCT_BUNDLE_IDENTIFIER = com.blogspot.demonicactivity.bush.alan.james.ToneBarrier;
				PRODUCT_NAME = "$(TARGET_NAME)";
				SWIFT_EMIT_LOC_STRINGS = YES;
				SWIFT_OBJC_BRIDGING_HEADER = "ToneBarrier/ToneBarrier-Bridging-Header.h";
				SWIFT_VERSION = 5.0;
				TARGETED_DEVICE_FAMILY = "1,2";
			};
			name = Release;
		};
/* End XCBuildConfiguration section */

/* Begin XCConfigurationList section */
		B96AD37029FD763700A61F7B /* Build configuration list for PBXProject "ToneBarrier" */ = {
			isa = XCConfigurationList;
			buildConfigurations = (
				B96AD38729FD763800A61F7B /* Debug */,
				B96AD38829FD763800A61F7B /* Release */,
			);
			defaultConfigurationIsVisible = 0;
			defaultConfigurationName = Release;
		};
		B96AD38929FD763800A61F7B /* Build configuration list for PBXNativeTarget "ToneBarrier" */ = {
			isa = XCConfigurationList;
			buildConfigurations = (
				B96AD38A29FD763800A61F7B /* Debug */,
				B96AD38B29FD763800A61F7B /* Release */,
			);
			defaultConfigurationIsVisible = 0;
			defaultConfigurationName = Release;
		};
/* End XCConfigurationList section */
	};
	rootObject = B96AD36D29FD763700A61F7B /* Project object */;
}
